
Microsoft Visual Studio Solution File, Format Version 12.00
# Visual Studio 15
VisualStudioVersion = 15.0.28010.2046
MinimumVisualStudioVersion = 10.0.40219.1
Project("{8BC9CEB8-8B4A-11D0-8D11-00A0C91BC942}") = "HW", "HW\HW.vcxproj", "{BEC75E5B-7E88-41AC-981F-5650408123EA}"
EndProject
Global
	GlobalSection(SolutionConfigurationPlatforms) = preSolution
		Debug|x64 = Debug|x64
		Debug|x86 = Debug|x86
		Release|x64 = Release|x64
		Release|x86 = Release|x86
	EndGlobalSection
	GlobalSection(ProjectConfigurationPlatforms) = postSolution
		{BEC75E5B-7E88-41AC-981F-5650408123EA}.Debug|x64.ActiveCfg = Debug|x64
		{BEC75E5B-7E88-41AC-981F-5650408123EA}.Debug|x64.Build.0 = Debug|x64
		{BEC75E5B-7E88-41AC-981F-5650408123EA}.Debug|x86.ActiveCfg = Debug|Win32
		{BEC75E5B-7E88-41AC-981F-5650408123EA}.Debug|x86.Build.0 = Debug|Win32
		{BEC75E5B-7E88-41AC-981F-5650408123EA}.Release|x64.ActiveCfg = Release|x64
		{BEC75E5B-7E88-41AC-981F-5650408123EA}.Release|x64.Build.0 = Release|x64
		{BEC75E5B-7E88-41AC-981F-5650408123EA}.Release|x86.ActiveCfg = Release|Win32
		{BEC75E5B-7E88-41AC-981F-5650408123EA}.Release|x86.Build.0 = Release|Win32
	EndGlobalSection
	GlobalSection(SolutionProperties) = preSolution
		HideSolutionNode = FALSE
	EndGlobalSection
	GlobalSection(ExtensibilityGlobals) = postSolution
		SolutionGuid = {4F7EE65A-1DF3-4DF2-B235-0D8E8DCBC8C3}
	EndGlobalSection
EndGlobal
